
Microsoft Visual Studio Solution File, Format Version 12.00
# Visual Studio Version 16
VisualStudioVersion = 16.0.30517.126
MinimumVisualStudioVersion = 10.0.40219.1
Project("{FAE04EC0-301F-11D3-BF4B-00C04F79EFBC}") = "dos formularios", "dos formularios\dos formularios.csproj", "{53D4FC04-25FB-4F7D-881C-F31BFAECA5E0}"
EndProject
Global
	GlobalSection(SolutionConfigurationPlatforms) = preSolution
		Debug|Any CPU = Debug|Any CPU
		Release|Any CPU = Release|Any CPU
	EndGlobalSection
	GlobalSection(ProjectConfigurationPlatforms) = postSolution
		{53D4FC04-25FB-4F7D-881C-F31BFAECA5E0}.Debug|Any CPU.ActiveCfg = Debug|Any CPU
		{53D4FC04-25FB-4F7D-881C-F31BFAECA5E0}.Debug|Any CPU.Build.0 = Debug|Any CPU
		{53D4FC04-25FB-4F7D-881C-F31BFAECA5E0}.Release|Any CPU.ActiveCfg = Release|Any CPU
		{53D4FC04-25FB-4F7D-881C-F31BFAECA5E0}.Release|Any CPU.Build.0 = Release|Any CPU
	EndGlobalSection
	GlobalSection(SolutionProperties) = preSolution
		HideSolutionNode = FALSE
	EndGlobalSection
	GlobalSection(ExtensibilityGlobals) = postSolution
		SolutionGuid = {ED35C92B-6BB1-48EA-AAE7-417B1E310DFE}
	EndGlobalSection
EndGlobal
